
Microsoft Visual Studio Solution File, Format Version 12.00
# Visual Studio 15
VisualStudioVersion = 15.0.28307.1267
MinimumVisualStudioVersion = 10.0.40219.1
Project("{888888A0-9F3D-457C-B088-3A5042F75D52}") = "AppProject", "AppProject\AppProject.pyproj", "{A318749D-FF1A-4BE3-9CB3-D0FC878F364C}"
EndProject
Global
	GlobalSection(SolutionConfigurationPlatforms) = preSolution
		Debug|Any CPU = Debug|Any CPU
		Release|Any CPU = Release|Any CPU
	EndGlobalSection
	GlobalSection(ProjectConfigurationPlatforms) = postSolution
		{A318749D-FF1A-4BE3-9CB3-D0FC878F364C}.Debug|Any CPU.ActiveCfg = Debug|Any CPU
		{A318749D-FF1A-4BE3-9CB3-D0FC878F364C}.Debug|Any CPU.Build.0 = Debug|Any CPU
		{A318749D-FF1A-4BE3-9CB3-D0FC878F364C}.Release|Any CPU.ActiveCfg = Release|Any CPU
		{A318749D-FF1A-4BE3-9CB3-D0FC878F364C}.Release|Any CPU.Build.0 = Release|Any CPU
	EndGlobalSection
	GlobalSection(SolutionProperties) = preSolution
		HideSolutionNode = FALSE
	EndGlobalSection
	GlobalSection(ExtensibilityGlobals) = postSolution
		SolutionGuid = {B97BD50E-3DC4-4E6B-BF77-51654589C972}
	EndGlobalSection
EndGlobal
